{"format_version":"1.2","terraform_version":"1.5.3","variables":{"Project":{"value":"Medstick"},"Project_Manager":{"value":"Vrusha"},"Purpose":{"value":"Prod"},"created_by":{"value":"priyanka.pradhan@nineleaps.com"}},"planned_values":{"outputs":{"lb_module":{"sensitive":false},"vpc_module":{"sensitive":false}},"root_module":{"child_modules":[{"resources":[{"address":"module.autoscalinggroup.aws_autoscaling_group.medstick_prodlaunchconf","mode":"managed","type":"aws_autoscaling_group","name":"medstick_prodlaunchconf","provider_name":"registry.terraform.io/hashicorp/aws","schema_version":0,"values":{"capacity_rebalance":null,"context":null,"default_instance_warmup":null,"desired_capacity":1,"desired_capacity_type":null,"enabled_metrics":["GroupDesiredCapacity","GroupInServiceInstances","GroupMaxSize","GroupMinSize","GroupTotalInstances"],"force_delete":false,"force_delete_warm_pool":false,"health_check_grace_period":300,"health_check_type":"ELB","initial_lifecycle_hook":[],"instance_refresh":[],"launch_template":[],"max_instance_lifetime":null,"max_size":2,"metrics_granularity":"1Minute","min_elb_capacity":null,"min_size":1,"mixed_instances_policy":[],"placement_group":null,"protect_from_scale_in":false,"suspended_processes":null,"tag":[],"termination_policies":null,"timeouts":null,"wait_for_capacity_timeout":"10m","wait_for_elb_capacity":null,"warm_pool":[]},"sensitive_values":{"availability_zones":[],"enabled_metrics":[false,false,false,false,false],"initial_lifecycle_hook":[],"instance_refresh":[],"launch_template":[],"load_balancers":[],"mixed_instances_policy":[],"tag":[],"target_group_arns":[],"traffic_source":[],"vpc_zone_identifier":[],"warm_pool":[]}},{"address":"module.autoscalinggroup.aws_launch_configuration.medstick_prodlaunchconf","mode":"managed","type":"aws_launch_configuration","name":"medstick_prodlaunchconf","provider_name":"registry.terraform.io/hashicorp/aws","schema_version":0,"values":{"associate_public_ip_address":true,"enable_monitoring":true,"ephemeral_block_device":[],"iam_instance_profile":null,"image_id":"ami-0f5ee92e2d63afc18","instance_type":"t2.micro","key_name":"Medstick_be_prod","name_prefix":"web-terraform-","placement_tenancy":null,"spot_price":null,"user_data":null,"user_data_base64":null},"sensitive_values":{"ebs_block_device":[],"ephemeral_block_device":[],"metadata_options":[],"root_block_device":[],"security_groups":[]}}],"address":"module.autoscalinggroup"},{"resources":[{"address":"module.ecr.aws_ecr_lifecycle_policy.medstick_prodecrpolicy[\"medstick-cloud-gateway-terraform\"]","mode":"managed","type":"aws_ecr_lifecycle_policy","name":"medstick_prodecrpolicy","index":"medstick-cloud-gateway-terraform","provider_name":"registry.terraform.io/hashicorp/aws","schema_version":0,"values":{"policy":"{\"rules\":[{\"action\":{\"type\":\"expire\"},\"description\":\"Keep last 5 images\",\"rulePriority\":1,\"selection\":{\"countNumber\":5,\"countType\":\"imageCountMoreThan\",\"tagStatus\":\"any\"}}]}","repository":"medstick-cloud-gateway-terraform"},"sensitive_values":{}},{"address":"module.ecr.aws_ecr_lifecycle_policy.medstick_prodecrpolicy[\"medstick-config-server-terraform\"]","mode":"managed","type":"aws_ecr_lifecycle_policy","name":"medstick_prodecrpolicy","index":"medstick-config-server-terraform","provider_name":"registry.terraform.io/hashicorp/aws","schema_version":0,"values":{"policy":"{\"rules\":[{\"action\":{\"type\":\"expire\"},\"description\":\"Keep last 5 images\",\"rulePriority\":1,\"selection\":{\"countNumber\":5,\"countType\":\"imageCountMoreThan\",\"tagStatus\":\"any\"}}]}","repository":"medstick-config-server-terraform"},"sensitive_values":{}},{"address":"module.ecr.aws_ecr_repository.medstick_prodecrrepo[\"medstick-cloud-gateway-terraform\"]","mode":"managed","type":"aws_ecr_repository","name":"medstick_prodecrrepo","index":"medstick-cloud-gateway-terraform","provider_name":"registry.terraform.io/hashicorp/aws","schema_version":0,"values":{"encryption_configuration":[{"encryption_type":"AES256"}],"force_delete":true,"image_scanning_configuration":[{"scan_on_push":true}],"image_tag_mutability":"IMMUTABLE","name":"medstick-cloud-gateway-terraform","tags":{"Group":"testterraform","Name":"worker-repository"},"tags_all":{"Group":"testterraform","Name":"worker-repository"},"timeouts":null},"sensitive_values":{"encryption_configuration":[{}],"image_scanning_configuration":[{}],"tags":{},"tags_all":{}}},{"address":"module.ecr.aws_ecr_repository.medstick_prodecrrepo[\"medstick-config-server-terraform\"]","mode":"managed","type":"aws_ecr_repository","name":"medstick_prodecrrepo","index":"medstick-config-server-terraform","provider_name":"registry.terraform.io/hashicorp/aws","schema_version":0,"values":{"encryption_configuration":[{"encryption_type":"AES256"}],"force_delete":true,"image_scanning_configuration":[{"scan_on_push":true}],"image_tag_mutability":"IMMUTABLE","name":"medstick-config-server-terraform","tags":{"Group":"testterraform","Name":"worker-repository"},"tags_all":{"Group":"testterraform","Name":"worker-repository"},"timeouts":null},"sensitive_values":{"encryption_configuration":[{}],"image_scanning_configuration":[{}],"tags":{},"tags_all":{}}},{"address":"module.ecr.aws_ecr_repository_policy.medstick_prodrepopolicy[\"medstick-cloud-gateway-terraform\"]","mode":"managed","type":"aws_ecr_repository_policy","name":"medstick_prodrepopolicy","index":"medstick-cloud-gateway-terraform","provider_name":"registry.terraform.io/hashicorp/aws","schema_version":0,"values":{"policy":"{\"Statement\":[{\"Action\":[\"ecr:BatchCheckLayerAvailability\",\"ecr:BatchGetImage\",\"ecr:CompleteLayerUpload\",\"ecr:GetDownloadUrlForLayer\",\"ecr:GetLifecyclePolicy\",\"ecr:InitiateLayerUpload\",\"ecr:PutImage\",\"ecr:UploadLayerPart\"],\"Effect\":\"Allow\",\"Principal\":\"*\",\"Sid\":\"Set the permission for ECR\"}],\"Version\":\"2008-10-17\"}","repository":"medstick-cloud-gateway-terraform"},"sensitive_values":{}},{"address":"module.ecr.aws_ecr_repository_policy.medstick_prodrepopolicy[\"medstick-config-server-terraform\"]","mode":"managed","type":"aws_ecr_repository_policy","name":"medstick_prodrepopolicy","index":"medstick-config-server-terraform","provider_name":"registry.terraform.io/hashicorp/aws","schema_version":0,"values":{"policy":"{\"Statement\":[{\"Action\":[\"ecr:BatchCheckLayerAvailability\",\"ecr:BatchGetImage\",\"ecr:CompleteLayerUpload\",\"ecr:GetDownloadUrlForLayer\",\"ecr:GetLifecyclePolicy\",\"ecr:InitiateLayerUpload\",\"ecr:PutImage\",\"ecr:UploadLayerPart\"],\"Effect\":\"Allow\",\"Principal\":\"*\",\"Sid\":\"Set the permission for ECR\"}],\"Version\":\"2008-10-17\"}","repository":"medstick-config-server-terraform"},"sensitive_values":{}},{"address":"module.ecr.time_sleep.wait_300_seconds","mode":"managed","type":"time_sleep","name":"wait_300_seconds","provider_name":"registry.terraform.io/hashicorp/time","schema_version":0,"values":{"create_duration":"300s","destroy_duration":null,"triggers":null},"sensitive_values":{}}],"address":"module.ecr"},{"resources":[{"address":"module.loadbalancer.aws_elb.medstick_prodelb","mode":"managed","type":"aws_elb","name":"medstick_prodelb","provider_name":"registry.terraform.io/hashicorp/aws","schema_version":0,"values":{"access_logs":[],"connection_draining":false,"connection_draining_timeout":300,"cross_zone_load_balancing":true,"desync_mitigation_mode":"defensive","health_check":[{"healthy_threshold":2,"interval":30,"target":"HTTP:80/","timeout":3,"unhealthy_threshold":2}],"idle_timeout":60,"listener":[{"instance_port":80,"instance_protocol":"http","lb_port":80,"lb_protocol":"http","ssl_certificate_id":""}],"name":"web-elb","name_prefix":null,"tags":null,"timeouts":null},"sensitive_values":{"access_logs":[],"availability_zones":[],"health_check":[{}],"instances":[],"listener":[{}],"security_groups":[],"subnets":[],"tags_all":{}}},{"address":"module.loadbalancer.aws_security_group.medstick_prodlbsg","mode":"managed","type":"aws_security_group","name":"medstick_prodlbsg","provider_name":"registry.terraform.io/hashicorp/aws","schema_version":1,"values":{"description":"Demo Module by terraform","egress":[{"cidr_blocks":["0.0.0.0/0"],"description":"","from_port":0,"ipv6_cidr_blocks":[],"prefix_list_ids":[],"protocol":"-1","security_groups":[],"self":false,"to_port":0}],"ingress":[{"cidr_blocks":["0.0.0.0/0"],"description":"","from_port":22,"ipv6_cidr_blocks":[],"prefix_list_ids":[],"protocol":"tcp","security_groups":[],"self":false,"to_port":22},{"cidr_blocks":["0.0.0.0/0"],"description":"","from_port":443,"ipv6_cidr_blocks":[],"prefix_list_ids":[],"protocol":"tcp","security_groups":[],"self":false,"to_port":443},{"cidr_blocks":["0.0.0.0/0"],"description":"","from_port":80,"ipv6_cidr_blocks":[],"prefix_list_ids":[],"protocol":"tcp","security_groups":[],"self":false,"to_port":80}],"name":"Demo security group by terraform","revoke_rules_on_delete":false,"tags":null,"timeouts":null},"sensitive_values":{"egress":[{"cidr_blocks":[false],"ipv6_cidr_blocks":[],"prefix_list_ids":[],"security_groups":[]}],"ingress":[{"cidr_blocks":[false],"ipv6_cidr_blocks":[],"prefix_list_ids":[],"security_groups":[]},{"cidr_blocks":[false],"ipv6_cidr_blocks":[],"prefix_list_ids":[],"security_groups":[]},{"cidr_blocks":[false],"ipv6_cidr_blocks":[],"prefix_list_ids":[],"security_groups":[]}],"tags_all":{}}}],"address":"module.loadbalancer"},{"resources":[{"address":"module.rds.aws_db_instance.medstick_prodrds","mode":"managed","type":"aws_db_instance","name":"medstick_prodrds","provider_name":"registry.terraform.io/hashicorp/aws","schema_version":2,"values":{"allocated_storage":10,"allow_major_version_upgrade":null,"apply_immediately":false,"auto_minor_version_upgrade":true,"blue_green_update":[],"copy_tags_to_snapshot":false,"custom_iam_instance_profile":null,"customer_owned_ip_enabled":null,"delete_automated_backups":true,"deletion_protection":null,"domain":null,"domain_iam_role_name":null,"enabled_cloudwatch_logs_exports":null,"engine":"mysql","engine_version":"8.0.33","final_snapshot_identifier":null,"iam_database_authentication_enabled":null,"identifier":"medstick-database","instance_class":"t2.micro","manage_master_user_password":null,"max_allocated_storage":null,"monitoring_interval":0,"password":"Medstick123","performance_insights_enabled":false,"port":3306,"publicly_accessible":false,"replicate_source_db":null,"restore_to_point_in_time":[],"s3_import":[],"skip_final_snapshot":true,"storage_encrypted":null,"storage_type":"gp2","tags":{"Name":"medstick_prodrds"},"tags_all":{"Name":"medstick_prodrds"},"timeouts":null,"username":"admin"},"sensitive_values":{"blue_green_update":[],"listener_endpoint":[],"master_user_secret":[],"password":true,"replicas":[],"restore_to_point_in_time":[],"s3_import":[],"tags":{},"tags_all":{},"vpc_security_group_ids":[]}}],"address":"module.rds"},{"resources":[{"address":"module.vpc.aws_internet_gateway.medstick_prodgateway","mode":"managed","type":"aws_internet_gateway","name":"medstick_prodgateway","provider_name":"registry.terraform.io/hashicorp/aws","schema_version":0,"values":{"tags":{"Project":"Medstick","Project_Manager":"Vrusha","Purpose":"Prod","created_by":"priyanka.pradhan@nineleaps.com"},"tags_all":{"Project":"Medstick","Project_Manager":"Vrusha","Purpose":"Prod","created_by":"priyanka.pradhan@nineleaps.com"},"timeouts":null},"sensitive_values":{"tags":{},"tags_all":{}}},{"address":"module.vpc.aws_route_table.medstick_prodroute","mode":"managed","type":"aws_route_table","name":"medstick_prodroute","provider_name":"registry.terraform.io/hashicorp/aws","schema_version":0,"values":{"route":[{"carrier_gateway_id":"","cidr_block":"0.0.0.0/0","core_network_arn":"","destination_prefix_list_id":"","egress_only_gateway_id":"","ipv6_cidr_block":"","local_gateway_id":"","nat_gateway_id":"","network_interface_id":"","transit_gateway_id":"","vpc_endpoint_id":"","vpc_peering_connection_id":""}],"tags":{"Project":"Medstick","Project_Manager":"Vrusha","Purpose":"Prod","created_by":"priyanka.pradhan@nineleaps.com"},"tags_all":{"Project":"Medstick","Project_Manager":"Vrusha","Purpose":"Prod","created_by":"priyanka.pradhan@nineleaps.com"},"timeouts":null},"sensitive_values":{"propagating_vgws":[],"route":[{}],"tags":{},"tags_all":{}}},{"address":"module.vpc.aws_route_table_association.medstick_prodrt","mode":"managed","type":"aws_route_table_association","name":"medstick_prodrt","provider_name":"registry.terraform.io/hashicorp/aws","schema_version":0,"values":{"gateway_id":null,"timeouts":null},"sensitive_values":{}},{"address":"module.vpc.aws_route_table_association.medstick_prodrt2","mode":"managed","type":"aws_route_table_association","name":"medstick_prodrt2","provider_name":"registry.terraform.io/hashicorp/aws","schema_version":0,"values":{"gateway_id":null,"timeouts":null},"sensitive_values":{}},{"address":"module.vpc.aws_subnet.medstick_prodsubnet","mode":"managed","type":"aws_subnet","name":"medstick_prodsubnet","provider_name":"registry.terraform.io/hashicorp/aws","schema_version":1,"values":{"assign_ipv6_address_on_creation":false,"availability_zone":"ap-south-1a","cidr_block":"10.0.1.0/24","customer_owned_ipv4_pool":null,"enable_dns64":false,"enable_lni_at_device_index":null,"enable_resource_name_dns_a_record_on_launch":false,"enable_resource_name_dns_aaaa_record_on_launch":false,"ipv6_cidr_block":null,"ipv6_native":false,"map_customer_owned_ip_on_launch":null,"map_public_ip_on_launch":true,"outpost_arn":null,"tags":{"Project":"Medstick","Project_Manager":"Vrusha","Purpose":"Prod","created_by":"priyanka.pradhan@nineleaps.com"},"tags_all":{"Project":"Medstick","Project_Manager":"Vrusha","Purpose":"Prod","created_by":"priyanka.pradhan@nineleaps.com"},"timeouts":null},"sensitive_values":{"tags":{},"tags_all":{}}},{"address":"module.vpc.aws_subnet.medstick_prodsubnet1","mode":"managed","type":"aws_subnet","name":"medstick_prodsubnet1","provider_name":"registry.terraform.io/hashicorp/aws","schema_version":1,"values":{"assign_ipv6_address_on_creation":false,"availability_zone":"ap-south-1b","cidr_block":"10.0.2.0/24","customer_owned_ipv4_pool":null,"enable_dns64":false,"enable_lni_at_device_index":null,"enable_resource_name_dns_a_record_on_launch":false,"enable_resource_name_dns_aaaa_record_on_launch":false,"ipv6_cidr_block":null,"ipv6_native":false,"map_customer_owned_ip_on_launch":null,"map_public_ip_on_launch":true,"outpost_arn":null,"tags":{"Project":"Medstick","Project_Manager":"Vrusha","Purpose":"Prod","created_by":"priyanka.pradhan@nineleaps.com"},"tags_all":{"Project":"Medstick","Project_Manager":"Vrusha","Purpose":"Prod","created_by":"priyanka.pradhan@nineleaps.com"},"timeouts":null},"sensitive_values":{"tags":{},"tags_all":{}}},{"address":"module.vpc.aws_vpc.medstick_prodvpc","mode":"managed","type":"aws_vpc","name":"medstick_prodvpc","provider_name":"registry.terraform.io/hashicorp/aws","schema_version":1,"values":{"assign_generated_ipv6_cidr_block":null,"cidr_block":"10.0.0.0/16","enable_dns_support":true,"instance_tenancy":"default","ipv4_ipam_pool_id":null,"ipv4_netmask_length":null,"ipv6_ipam_pool_id":null,"ipv6_netmask_length":null,"tags":{"Project":"Medstick","Project_Manager":"Vrusha","Purpose":"Prod","created_by":"priyanka.pradhan@nineleaps.com"},"tags_all":{"Project":"Medstick","Project_Manager":"Vrusha","Purpose":"Prod","created_by":"priyanka.pradhan@nineleaps.com"}},"sensitive_values":{"tags":{},"tags_all":{}}}],"address":"module.vpc"}]}},"resource_changes":[{"address":"module.autoscalinggroup.aws_autoscaling_group.medstick_prodlaunchconf","module_address":"module.autoscalinggroup","mode":"managed","type":"aws_autoscaling_group","name":"medstick_prodlaunchconf","provider_name":"registry.terraform.io/hashicorp/aws","change":{"actions":["create"],"before":null,"after":{"capacity_rebalance":null,"context":null,"default_instance_warmup":null,"desired_capacity":1,"desired_capacity_type":null,"enabled_metrics":["GroupDesiredCapacity","GroupInServiceInstances","GroupMaxSize","GroupMinSize","GroupTotalInstances"],"force_delete":false,"force_delete_warm_pool":false,"health_check_grace_period":300,"health_check_type":"ELB","initial_lifecycle_hook":[],"instance_refresh":[],"launch_template":[],"max_instance_lifetime":null,"max_size":2,"metrics_granularity":"1Minute","min_elb_capacity":null,"min_size":1,"mixed_instances_policy":[],"placement_group":null,"protect_from_scale_in":false,"suspended_processes":null,"tag":[],"termination_policies":null,"timeouts":null,"wait_for_capacity_timeout":"10m","wait_for_elb_capacity":null,"warm_pool":[]},"after_unknown":{"arn":true,"availability_zones":true,"default_cooldown":true,"enabled_metrics":[false,false,false,false,false],"id":true,"initial_lifecycle_hook":[],"instance_refresh":[],"launch_configuration":true,"launch_template":[],"load_balancers":true,"mixed_instances_policy":[],"name":true,"name_prefix":true,"predicted_capacity":true,"service_linked_role_arn":true,"tag":[],"target_group_arns":true,"traffic_source":true,"vpc_zone_identifier":true,"warm_pool":[],"warm_pool_size":true},"before_sensitive":false,"after_sensitive":{"availability_zones":[],"enabled_metrics":[false,false,false,false,false],"initial_lifecycle_hook":[],"instance_refresh":[],"launch_template":[],"load_balancers":[],"mixed_instances_policy":[],"tag":[],"target_group_arns":[],"traffic_source":[],"vpc_zone_identifier":[],"warm_pool":[]}}},{"address":"module.autoscalinggroup.aws_launch_configuration.medstick_prodlaunchconf","module_address":"module.autoscalinggroup","mode":"managed","type":"aws_launch_configuration","name":"medstick_prodlaunchconf","provider_name":"registry.terraform.io/hashicorp/aws","change":{"actions":["create"],"before":null,"after":{"associate_public_ip_address":true,"enable_monitoring":true,"ephemeral_block_device":[],"iam_instance_profile":null,"image_id":"ami-0f5ee92e2d63afc18","instance_type":"t2.micro","key_name":"Medstick_be_prod","name_prefix":"web-terraform-","placement_tenancy":null,"spot_price":null,"user_data":null,"user_data_base64":null},"after_unknown":{"arn":true,"ebs_block_device":true,"ebs_optimized":true,"ephemeral_block_device":[],"id":true,"metadata_options":true,"name":true,"root_block_device":true,"security_groups":true},"before_sensitive":false,"after_sensitive":{"ebs_block_device":[],"ephemeral_block_device":[],"metadata_options":[],"root_block_device":[],"security_groups":[]}}},{"address":"module.ecr.aws_ecr_lifecycle_policy.medstick_prodecrpolicy[\"medstick-cloud-gateway-terraform\"]","module_address":"module.ecr","mode":"managed","type":"aws_ecr_lifecycle_policy","name":"medstick_prodecrpolicy","index":"medstick-cloud-gateway-terraform","provider_name":"registry.terraform.io/hashicorp/aws","change":{"actions":["create"],"before":null,"after":{"policy":"{\"rules\":[{\"action\":{\"type\":\"expire\"},\"description\":\"Keep last 5 images\",\"rulePriority\":1,\"selection\":{\"countNumber\":5,\"countType\":\"imageCountMoreThan\",\"tagStatus\":\"any\"}}]}","repository":"medstick-cloud-gateway-terraform"},"after_unknown":{"id":true,"registry_id":true},"before_sensitive":false,"after_sensitive":{}}},{"address":"module.ecr.aws_ecr_lifecycle_policy.medstick_prodecrpolicy[\"medstick-config-server-terraform\"]","module_address":"module.ecr","mode":"managed","type":"aws_ecr_lifecycle_policy","name":"medstick_prodecrpolicy","index":"medstick-config-server-terraform","provider_name":"registry.terraform.io/hashicorp/aws","change":{"actions":["create"],"before":null,"after":{"policy":"{\"rules\":[{\"action\":{\"type\":\"expire\"},\"description\":\"Keep last 5 images\",\"rulePriority\":1,\"selection\":{\"countNumber\":5,\"countType\":\"imageCountMoreThan\",\"tagStatus\":\"any\"}}]}","repository":"medstick-config-server-terraform"},"after_unknown":{"id":true,"registry_id":true},"before_sensitive":false,"after_sensitive":{}}},{"address":"module.ecr.aws_ecr_repository.medstick_prodecrrepo[\"medstick-cloud-gateway-terraform\"]","module_address":"module.ecr","mode":"managed","type":"aws_ecr_repository","name":"medstick_prodecrrepo","index":"medstick-cloud-gateway-terraform","provider_name":"registry.terraform.io/hashicorp/aws","change":{"actions":["create"],"before":null,"after":{"encryption_configuration":[{"encryption_type":"AES256"}],"force_delete":true,"image_scanning_configuration":[{"scan_on_push":true}],"image_tag_mutability":"IMMUTABLE","name":"medstick-cloud-gateway-terraform","tags":{"Group":"testterraform","Name":"worker-repository"},"tags_all":{"Group":"testterraform","Name":"worker-repository"},"timeouts":null},"after_unknown":{"arn":true,"encryption_configuration":[{"kms_key":true}],"id":true,"image_scanning_configuration":[{}],"registry_id":true,"repository_url":true,"tags":{},"tags_all":{}},"before_sensitive":false,"after_sensitive":{"encryption_configuration":[{}],"image_scanning_configuration":[{}],"tags":{},"tags_all":{}}}},{"address":"module.ecr.aws_ecr_repository.medstick_prodecrrepo[\"medstick-config-server-terraform\"]","module_address":"module.ecr","mode":"managed","type":"aws_ecr_repository","name":"medstick_prodecrrepo","index":"medstick-config-server-terraform","provider_name":"registry.terraform.io/hashicorp/aws","change":{"actions":["create"],"before":null,"after":{"encryption_configuration":[{"encryption_type":"AES256"}],"force_delete":true,"image_scanning_configuration":[{"scan_on_push":true}],"image_tag_mutability":"IMMUTABLE","name":"medstick-config-server-terraform","tags":{"Group":"testterraform","Name":"worker-repository"},"tags_all":{"Group":"testterraform","Name":"worker-repository"},"timeouts":null},"after_unknown":{"arn":true,"encryption_configuration":[{"kms_key":true}],"id":true,"image_scanning_configuration":[{}],"registry_id":true,"repository_url":true,"tags":{},"tags_all":{}},"before_sensitive":false,"after_sensitive":{"encryption_configuration":[{}],"image_scanning_configuration":[{}],"tags":{},"tags_all":{}}}},{"address":"module.ecr.aws_ecr_repository_policy.medstick_prodrepopolicy[\"medstick-cloud-gateway-terraform\"]","module_address":"module.ecr","mode":"managed","type":"aws_ecr_repository_policy","name":"medstick_prodrepopolicy","index":"medstick-cloud-gateway-terraform","provider_name":"registry.terraform.io/hashicorp/aws","change":{"actions":["create"],"before":null,"after":{"policy":"{\"Statement\":[{\"Action\":[\"ecr:BatchCheckLayerAvailability\",\"ecr:BatchGetImage\",\"ecr:CompleteLayerUpload\",\"ecr:GetDownloadUrlForLayer\",\"ecr:GetLifecyclePolicy\",\"ecr:InitiateLayerUpload\",\"ecr:PutImage\",\"ecr:UploadLayerPart\"],\"Effect\":\"Allow\",\"Principal\":\"*\",\"Sid\":\"Set the permission for ECR\"}],\"Version\":\"2008-10-17\"}","repository":"medstick-cloud-gateway-terraform"},"after_unknown":{"id":true,"registry_id":true},"before_sensitive":false,"after_sensitive":{}}},{"address":"module.ecr.aws_ecr_repository_policy.medstick_prodrepopolicy[\"medstick-config-server-terraform\"]","module_address":"module.ecr","mode":"managed","type":"aws_ecr_repository_policy","name":"medstick_prodrepopolicy","index":"medstick-config-server-terraform","provider_name":"registry.terraform.io/hashicorp/aws","change":{"actions":["create"],"before":null,"after":{"policy":"{\"Statement\":[{\"Action\":[\"ecr:BatchCheckLayerAvailability\",\"ecr:BatchGetImage\",\"ecr:CompleteLayerUpload\",\"ecr:GetDownloadUrlForLayer\",\"ecr:GetLifecyclePolicy\",\"ecr:InitiateLayerUpload\",\"ecr:PutImage\",\"ecr:UploadLayerPart\"],\"Effect\":\"Allow\",\"Principal\":\"*\",\"Sid\":\"Set the permission for ECR\"}],\"Version\":\"2008-10-17\"}","repository":"medstick-config-server-terraform"},"after_unknown":{"id":true,"registry_id":true},"before_sensitive":false,"after_sensitive":{}}},{"address":"module.ecr.time_sleep.wait_300_seconds","module_address":"module.ecr","mode":"managed","type":"time_sleep","name":"wait_300_seconds","provider_name":"registry.terraform.io/hashicorp/time","change":{"actions":["create"],"before":null,"after":{"create_duration":"300s","destroy_duration":null,"triggers":null},"after_unknown":{"id":true},"before_sensitive":false,"after_sensitive":{}}},{"address":"module.loadbalancer.aws_elb.medstick_prodelb","module_address":"module.loadbalancer","mode":"managed","type":"aws_elb","name":"medstick_prodelb","provider_name":"registry.terraform.io/hashicorp/aws","change":{"actions":["create"],"before":null,"after":{"access_logs":[],"connection_draining":false,"connection_draining_timeout":300,"cross_zone_load_balancing":true,"desync_mitigation_mode":"defensive","health_check":[{"healthy_threshold":2,"interval":30,"target":"HTTP:80/","timeout":3,"unhealthy_threshold":2}],"idle_timeout":60,"listener":[{"instance_port":80,"instance_protocol":"http","lb_port":80,"lb_protocol":"http","ssl_certificate_id":""}],"name":"web-elb","name_prefix":null,"tags":null,"timeouts":null},"after_unknown":{"access_logs":[],"arn":true,"availability_zones":true,"dns_name":true,"health_check":[{}],"id":true,"instances":true,"internal":true,"listener":[{}],"security_groups":true,"source_security_group":true,"source_security_group_id":true,"subnets":true,"tags_all":true,"zone_id":true},"before_sensitive":false,"after_sensitive":{"access_logs":[],"availability_zones":[],"health_check":[{}],"instances":[],"listener":[{}],"security_groups":[],"subnets":[],"tags_all":{}}}},{"address":"module.loadbalancer.aws_security_group.medstick_prodlbsg","module_address":"module.loadbalancer","mode":"managed","type":"aws_security_group","name":"medstick_prodlbsg","provider_name":"registry.terraform.io/hashicorp/aws","change":{"actions":["create"],"before":null,"after":{"description":"Demo Module by terraform","egress":[{"cidr_blocks":["0.0.0.0/0"],"description":"","from_port":0,"ipv6_cidr_blocks":[],"prefix_list_ids":[],"protocol":"-1","security_groups":[],"self":false,"to_port":0}],"ingress":[{"cidr_blocks":["0.0.0.0/0"],"description":"","from_port":22,"ipv6_cidr_blocks":[],"prefix_list_ids":[],"protocol":"tcp","security_groups":[],"self":false,"to_port":22},{"cidr_blocks":["0.0.0.0/0"],"description":"","from_port":443,"ipv6_cidr_blocks":[],"prefix_list_ids":[],"protocol":"tcp","security_groups":[],"self":false,"to_port":443},{"cidr_blocks":["0.0.0.0/0"],"description":"","from_port":80,"ipv6_cidr_blocks":[],"prefix_list_ids":[],"protocol":"tcp","security_groups":[],"self":false,"to_port":80}],"name":"Demo security group by terraform","revoke_rules_on_delete":false,"tags":null,"timeouts":null},"after_unknown":{"arn":true,"egress":[{"cidr_blocks":[false],"ipv6_cidr_blocks":[],"prefix_list_ids":[],"security_groups":[]}],"id":true,"ingress":[{"cidr_blocks":[false],"ipv6_cidr_blocks":[],"prefix_list_ids":[],"security_groups":[]},{"cidr_blocks":[false],"ipv6_cidr_blocks":[],"prefix_list_ids":[],"security_groups":[]},{"cidr_blocks":[false],"ipv6_cidr_blocks":[],"prefix_list_ids":[],"security_groups":[]}],"name_prefix":true,"owner_id":true,"tags_all":true,"vpc_id":true},"before_sensitive":false,"after_sensitive":{"egress":[{"cidr_blocks":[false],"ipv6_cidr_blocks":[],"prefix_list_ids":[],"security_groups":[]}],"ingress":[{"cidr_blocks":[false],"ipv6_cidr_blocks":[],"prefix_list_ids":[],"security_groups":[]},{"cidr_blocks":[false],"ipv6_cidr_blocks":[],"prefix_list_ids":[],"security_groups":[]},{"cidr_blocks":[false],"ipv6_cidr_blocks":[],"prefix_list_ids":[],"security_groups":[]}],"tags_all":{}}}},{"address":"module.rds.aws_db_instance.medstick_prodrds","module_address":"module.rds","mode":"managed","type":"aws_db_instance","name":"medstick_prodrds","provider_name":"registry.terraform.io/hashicorp/aws","change":{"actions":["create"],"before":null,"after":{"allocated_storage":10,"allow_major_version_upgrade":null,"apply_immediately":false,"auto_minor_version_upgrade":true,"blue_green_update":[],"copy_tags_to_snapshot":false,"custom_iam_instance_profile":null,"customer_owned_ip_enabled":null,"delete_automated_backups":true,"deletion_protection":null,"domain":null,"domain_iam_role_name":null,"enabled_cloudwatch_logs_exports":null,"engine":"mysql","engine_version":"8.0.33","final_snapshot_identifier":null,"iam_database_authentication_enabled":null,"identifier":"medstick-database","instance_class":"t2.micro","manage_master_user_password":null,"max_allocated_storage":null,"monitoring_interval":0,"password":"Medstick123","performance_insights_enabled":false,"port":3306,"publicly_accessible":false,"replicate_source_db":null,"restore_to_point_in_time":[],"s3_import":[],"skip_final_snapshot":true,"storage_encrypted":null,"storage_type":"gp2","tags":{"Name":"medstick_prodrds"},"tags_all":{"Name":"medstick_prodrds"},"timeouts":null,"username":"admin"},"after_unknown":{"address":true,"arn":true,"availability_zone":true,"backup_retention_period":true,"backup_target":true,"backup_window":true,"blue_green_update":[],"ca_cert_identifier":true,"character_set_name":true,"db_name":true,"db_subnet_group_name":true,"endpoint":true,"engine_version_actual":true,"hosted_zone_id":true,"id":true,"identifier_prefix":true,"iops":true,"kms_key_id":true,"latest_restorable_time":true,"license_model":true,"listener_endpoint":true,"maintenance_window":true,"master_user_secret":true,"master_user_secret_kms_key_id":true,"monitoring_role_arn":true,"multi_az":true,"nchar_character_set_name":true,"network_type":true,"option_group_name":true,"parameter_group_name":true,"performance_insights_kms_key_id":true,"performance_insights_retention_period":true,"replica_mode":true,"replicas":true,"resource_id":true,"restore_to_point_in_time":[],"s3_import":[],"snapshot_identifier":true,"status":true,"storage_throughput":true,"tags":{},"tags_all":{},"timezone":true,"vpc_security_group_ids":true},"before_sensitive":false,"after_sensitive":{"blue_green_update":[],"listener_endpoint":[],"master_user_secret":[],"password":true,"replicas":[],"restore_to_point_in_time":[],"s3_import":[],"tags":{},"tags_all":{},"vpc_security_group_ids":[]}}},{"address":"module.vpc.aws_internet_gateway.medstick_prodgateway","module_address":"module.vpc","mode":"managed","type":"aws_internet_gateway","name":"medstick_prodgateway","provider_name":"registry.terraform.io/hashicorp/aws","change":{"actions":["create"],"before":null,"after":{"tags":{"Project":"Medstick","Project_Manager":"Vrusha","Purpose":"Prod","created_by":"priyanka.pradhan@nineleaps.com"},"tags_all":{"Project":"Medstick","Project_Manager":"Vrusha","Purpose":"Prod","created_by":"priyanka.pradhan@nineleaps.com"},"timeouts":null},"after_unknown":{"arn":true,"id":true,"owner_id":true,"tags":{},"tags_all":{},"vpc_id":true},"before_sensitive":false,"after_sensitive":{"tags":{},"tags_all":{}}}},{"address":"module.vpc.aws_route_table.medstick_prodroute","module_address":"module.vpc","mode":"managed","type":"aws_route_table","name":"medstick_prodroute","provider_name":"registry.terraform.io/hashicorp/aws","change":{"actions":["create"],"before":null,"after":{"route":[{"carrier_gateway_id":"","cidr_block":"0.0.0.0/0","core_network_arn":"","destination_prefix_list_id":"","egress_only_gateway_id":"","ipv6_cidr_block":"","local_gateway_id":"","nat_gateway_id":"","network_interface_id":"","transit_gateway_id":"","vpc_endpoint_id":"","vpc_peering_connection_id":""}],"tags":{"Project":"Medstick","Project_Manager":"Vrusha","Purpose":"Prod","created_by":"priyanka.pradhan@nineleaps.com"},"tags_all":{"Project":"Medstick","Project_Manager":"Vrusha","Purpose":"Prod","created_by":"priyanka.pradhan@nineleaps.com"},"timeouts":null},"after_unknown":{"arn":true,"id":true,"owner_id":true,"propagating_vgws":true,"route":[{"gateway_id":true}],"tags":{},"tags_all":{},"vpc_id":true},"before_sensitive":false,"after_sensitive":{"propagating_vgws":[],"route":[{}],"tags":{},"tags_all":{}}}},{"address":"module.vpc.aws_route_table_association.medstick_prodrt","module_address":"module.vpc","mode":"managed","type":"aws_route_table_association","name":"medstick_prodrt","provider_name":"registry.terraform.io/hashicorp/aws","change":{"actions":["create"],"before":null,"after":{"gateway_id":null,"timeouts":null},"after_unknown":{"id":true,"route_table_id":true,"subnet_id":true},"before_sensitive":false,"after_sensitive":{}}},{"address":"module.vpc.aws_route_table_association.medstick_prodrt2","module_address":"module.vpc","mode":"managed","type":"aws_route_table_association","name":"medstick_prodrt2","provider_name":"registry.terraform.io/hashicorp/aws","change":{"actions":["create"],"before":null,"after":{"gateway_id":null,"timeouts":null},"after_unknown":{"id":true,"route_table_id":true,"subnet_id":true},"before_sensitive":false,"after_sensitive":{}}},{"address":"module.vpc.aws_subnet.medstick_prodsubnet","module_address":"module.vpc","mode":"managed","type":"aws_subnet","name":"medstick_prodsubnet","provider_name":"registry.terraform.io/hashicorp/aws","change":{"actions":["create"],"before":null,"after":{"assign_ipv6_address_on_creation":false,"availability_zone":"ap-south-1a","cidr_block":"10.0.1.0/24","customer_owned_ipv4_pool":null,"enable_dns64":false,"enable_lni_at_device_index":null,"enable_resource_name_dns_a_record_on_launch":false,"enable_resource_name_dns_aaaa_record_on_launch":false,"ipv6_cidr_block":null,"ipv6_native":false,"map_customer_owned_ip_on_launch":null,"map_public_ip_on_launch":true,"outpost_arn":null,"tags":{"Project":"Medstick","Project_Manager":"Vrusha","Purpose":"Prod","created_by":"priyanka.pradhan@nineleaps.com"},"tags_all":{"Project":"Medstick","Project_Manager":"Vrusha","Purpose":"Prod","created_by":"priyanka.pradhan@nineleaps.com"},"timeouts":null},"after_unknown":{"arn":true,"availability_zone_id":true,"id":true,"ipv6_cidr_block_association_id":true,"owner_id":true,"private_dns_hostname_type_on_launch":true,"tags":{},"tags_all":{},"vpc_id":true},"before_sensitive":false,"after_sensitive":{"tags":{},"tags_all":{}}}},{"address":"module.vpc.aws_subnet.medstick_prodsubnet1","module_address":"module.vpc","mode":"managed","type":"aws_subnet","name":"medstick_prodsubnet1","provider_name":"registry.terraform.io/hashicorp/aws","change":{"actions":["create"],"before":null,"after":{"assign_ipv6_address_on_creation":false,"availability_zone":"ap-south-1b","cidr_block":"10.0.2.0/24","customer_owned_ipv4_pool":null,"enable_dns64":false,"enable_lni_at_device_index":null,"enable_resource_name_dns_a_record_on_launch":false,"enable_resource_name_dns_aaaa_record_on_launch":false,"ipv6_cidr_block":null,"ipv6_native":false,"map_customer_owned_ip_on_launch":null,"map_public_ip_on_launch":true,"outpost_arn":null,"tags":{"Project":"Medstick","Project_Manager":"Vrusha","Purpose":"Prod","created_by":"priyanka.pradhan@nineleaps.com"},"tags_all":{"Project":"Medstick","Project_Manager":"Vrusha","Purpose":"Prod","created_by":"priyanka.pradhan@nineleaps.com"},"timeouts":null},"after_unknown":{"arn":true,"availability_zone_id":true,"id":true,"ipv6_cidr_block_association_id":true,"owner_id":true,"private_dns_hostname_type_on_launch":true,"tags":{},"tags_all":{},"vpc_id":true},"before_sensitive":false,"after_sensitive":{"tags":{},"tags_all":{}}}},{"address":"module.vpc.aws_vpc.medstick_prodvpc","module_address":"module.vpc","mode":"managed","type":"aws_vpc","name":"medstick_prodvpc","provider_name":"registry.terraform.io/hashicorp/aws","change":{"actions":["create"],"before":null,"after":{"assign_generated_ipv6_cidr_block":null,"cidr_block":"10.0.0.0/16","enable_dns_support":true,"instance_tenancy":"default","ipv4_ipam_pool_id":null,"ipv4_netmask_length":null,"ipv6_ipam_pool_id":null,"ipv6_netmask_length":null,"tags":{"Project":"Medstick","Project_Manager":"Vrusha","Purpose":"Prod","created_by":"priyanka.pradhan@nineleaps.com"},"tags_all":{"Project":"Medstick","Project_Manager":"Vrusha","Purpose":"Prod","created_by":"priyanka.pradhan@nineleaps.com"}},"after_unknown":{"arn":true,"default_network_acl_id":true,"default_route_table_id":true,"default_security_group_id":true,"dhcp_options_id":true,"enable_dns_hostnames":true,"enable_network_address_usage_metrics":true,"id":true,"ipv6_association_id":true,"ipv6_cidr_block":true,"ipv6_cidr_block_network_border_group":true,"main_route_table_id":true,"owner_id":true,"tags":{},"tags_all":{}},"before_sensitive":false,"after_sensitive":{"tags":{},"tags_all":{}}}}],"output_changes":{"lb_module":{"actions":["create"],"before":null,"after":{"lbid":[null],"secgrpid":[null]},"after_unknown":{"lbid":[true],"secgrpid":[true]},"before_sensitive":false,"after_sensitive":false},"vpc_module":{"actions":["create"],"before":null,"after":{"subnetids":[null,null]},"after_unknown":{"subnetids":[true,true],"vpcid":true},"before_sensitive":false,"after_sensitive":false}},"configuration":{"provider_config":{"module.autoscalinggroup:aws":{"name":"aws","full_name":"registry.terraform.io/hashicorp/aws","module_address":"module.autoscalinggroup"},"module.ecr:aws":{"name":"aws","full_name":"registry.terraform.io/hashicorp/aws","module_address":"module.ecr"},"module.ecr:time":{"name":"time","full_name":"registry.terraform.io/hashicorp/time","module_address":"module.ecr"},"module.loadbalancer:aws":{"name":"aws","full_name":"registry.terraform.io/hashicorp/aws","module_address":"module.loadbalancer"},"module.rds:aws":{"name":"aws","full_name":"registry.terraform.io/hashicorp/aws","module_address":"module.rds"},"module.vpc:aws":{"name":"aws","full_name":"registry.terraform.io/hashicorp/aws","module_address":"module.vpc"}},"root_module":{"outputs":{"lb_module":{"expression":{"references":["module.loadbalancer"]}},"vpc_module":{"expression":{"references":["module.vpc"]}}},"module_calls":{"autoscalinggroup":{"source":"./autoscalinggroup","expressions":{"lbid":{"references":["module.loadbalancer.lbid","module.loadbalancer"]},"secgrpid":{"references":["module.loadbalancer.secgrpid","module.loadbalancer"]},"subnetid":{"references":["module.vpc.subnetids","module.vpc"]}},"module":{"resources":[{"address":"aws_autoscaling_group.medstick_prodlaunchconf","mode":"managed","type":"aws_autoscaling_group","name":"medstick_prodlaunchconf","provider_config_key":"module.autoscalinggroup:aws","expressions":{"desired_capacity":{"references":["var.desired_capacity"]},"enabled_metrics":{"constant_value":["GroupMinSize","GroupMaxSize","GroupDesiredCapacity","GroupInServiceInstances","GroupTotalInstances"]},"health_check_type":{"references":["var.health_check_type"]},"launch_configuration":{"references":["aws_launch_configuration.medstick_prodlaunchconf.name","aws_launch_configuration.medstick_prodlaunchconf"]},"load_balancers":{"references":["var.lbid"]},"max_size":{"references":["var.max_size"]},"metrics_granularity":{"constant_value":"1Minute"},"min_size":{"references":["var.min_size"]},"name":{"references":["aws_launch_configuration.medstick_prodlaunchconf.name","aws_launch_configuration.medstick_prodlaunchconf"]},"vpc_zone_identifier":{"references":["var.subnetid"]}},"schema_version":0},{"address":"aws_launch_configuration.medstick_prodlaunchconf","mode":"managed","type":"aws_launch_configuration","name":"medstick_prodlaunchconf","provider_config_key":"module.autoscalinggroup:aws","expressions":{"associate_public_ip_address":{"constant_value":true},"image_id":{"references":["var.image_id"]},"instance_type":{"references":["var.instance_type"]},"key_name":{"references":["var.key_name"]},"name_prefix":{"references":["var.name_prefix"]},"security_groups":{"references":["var.secgrpid"]}},"schema_version":0}],"variables":{"Project":{"default":"Medstick"},"Project_Manager":{"default":"Vrusha"},"Purpose":{"default":"Prod"},"created_by":{"default":"priyanka.pradhan@nineleaps.com"},"desired_capacity":{"default":1},"health_check_type":{"default":"ELB"},"image_id":{"default":"ami-0f5ee92e2d63afc18"},"instance_type":{"default":"t2.micro"},"key_name":{"default":"Medstick_be_prod"},"lbid":{},"max_size":{"default":2},"min_size":{"default":1},"name_prefix":{"default":"web-terraform-"},"secgrpid":{},"subnetid":{}}}},"ecr":{"source":"./ecr","module":{"resources":[{"address":"aws_ecr_lifecycle_policy.medstick_prodecrpolicy","mode":"managed","type":"aws_ecr_lifecycle_policy","name":"medstick_prodecrpolicy","provider_config_key":"module.ecr:aws","expressions":{"policy":{"constant_value":"{\n    \"rules\": [\n        {\n            \"rulePriority\": 1,\n            \"description\": \"Keep last 5 images\",\n            \"selection\": {\n                \"tagStatus\": \"any\",\n                \"countType\": \"imageCountMoreThan\",\n                \"countNumber\": 5\n            },\n            \"action\": {\n                \"type\": \"expire\"\n            }\n        }\n    ]\n  }\n"},"repository":{"references":["each.key"]}},"schema_version":0,"for_each_expression":{"references":["var.ecrname"]},"depends_on":["time_sleep.wait_300_seconds"]},{"address":"aws_ecr_repository.medstick_prodecrrepo","mode":"managed","type":"aws_ecr_repository","name":"medstick_prodecrrepo","provider_config_key":"module.ecr:aws","expressions":{"encryption_configuration":[{"encryption_type":{"references":["var.encryption_type"]}}],"force_delete":{"constant_value":true},"image_scanning_configuration":[{"scan_on_push":{"constant_value":true}}],"image_tag_mutability":{"references":["var.immutable_ecr_repositories"]},"name":{"references":["each.key"]},"tags":{"constant_value":{"Group":"testterraform","Name":"worker-repository"}}},"schema_version":0,"for_each_expression":{"references":["var.ecrname"]}},{"address":"aws_ecr_repository_policy.medstick_prodrepopolicy","mode":"managed","type":"aws_ecr_repository_policy","name":"medstick_prodrepopolicy","provider_config_key":"module.ecr:aws","expressions":{"policy":{"constant_value":"  {\n    \"Version\": \"2008-10-17\",\n    \"Statement\": [\n      {\n        \"Sid\": \"Set the permission for ECR\",\n        \"Effect\": \"Allow\",\n        \"Principal\": \"*\",\n        \"Action\": [\n          \"ecr:BatchCheckLayerAvailability\",\n          \"ecr:BatchGetImage\",\n          \"ecr:CompleteLayerUpload\",\n          \"ecr:GetDownloadUrlForLayer\",\n          \"ecr:GetLifecyclePolicy\",\n          \"ecr:InitiateLayerUpload\",\n          \"ecr:PutImage\",\n          \"ecr:UploadLayerPart\"\n        ]\n      }\n    ]\n  }\n"},"repository":{"references":["each.key"]}},"schema_version":0,"for_each_expression":{"references":["var.ecrname"]},"depends_on":["time_sleep.wait_300_seconds"]},{"address":"time_sleep.wait_300_seconds","mode":"managed","type":"time_sleep","name":"wait_300_seconds","provider_config_key":"module.ecr:time","expressions":{"create_duration":{"references":["var.create_duration"]}},"schema_version":0,"depends_on":["aws_ecr_repository.medstick_prodecrrepo"]}],"variables":{"countNumber":{"default":5},"countType":{"default":"imageCountMoreThan"},"create_duration":{"default":"300s"},"description":{"default":"Keep last 5 images"},"ecrname":{"default":["medstick-cloud-gateway-terraform","medstick-config-server-terraform"],"description":"The list of ecr names to create"},"encryption_type":{"default":"AES256"},"immutable_ecr_repositories":{"default":true},"rulePriority":{"default":1}}}},"loadbalancer":{"source":"./loadbalancer","expressions":{"subnets":{"references":["module.vpc.subnetids","module.vpc"]},"vpc_id":{"references":["module.vpc.vpcid","module.vpc"]}},"module":{"outputs":{"lbid":{"expression":{"references":["aws_elb.medstick_prodelb.id","aws_elb.medstick_prodelb"]}},"secgrpid":{"expression":{"references":["aws_security_group.medstick_prodlbsg.id","aws_security_group.medstick_prodlbsg"]}}},"resources":[{"address":"aws_elb.medstick_prodelb","mode":"managed","type":"aws_elb","name":"medstick_prodelb","provider_config_key":"module.loadbalancer:aws","expressions":{"cross_zone_load_balancing":{"constant_value":true},"health_check":[{"healthy_threshold":{"references":["var.healthy_threshold"]},"interval":{"references":["var.interval"]},"target":{"constant_value":"HTTP:80/"},"timeout":{"references":["var.timeout"]},"unhealthy_threshold":{"references":["var.unhealthy_threshold"]}}],"listener":[{"instance_port":{"references":["var.instance_port"]},"instance_protocol":{"references":["var.instance_protocol"]},"lb_port":{"references":["var.lb_port"]},"lb_protocol":{"references":["var.lb_protocol"]}}],"name":{"constant_value":"web-elb"},"security_groups":{"references":["aws_security_group.medstick_prodlbsg.id","aws_security_group.medstick_prodlbsg"]},"subnets":{"references":["var.subnets"]}},"schema_version":0},{"address":"aws_security_group.medstick_prodlbsg","mode":"managed","type":"aws_security_group","name":"medstick_prodlbsg","provider_config_key":"module.loadbalancer:aws","expressions":{"description":{"references":["var.description"]},"egress":{"constant_value":[{"cidr_blocks":["0.0.0.0/0"],"description":null,"from_port":0,"ipv6_cidr_blocks":null,"prefix_list_ids":null,"protocol":"-1","security_groups":null,"self":null,"to_port":0}]},"ingress":{"constant_value":[{"cidr_blocks":["0.0.0.0/0"],"description":null,"from_port":80,"ipv6_cidr_blocks":null,"prefix_list_ids":null,"protocol":"tcp","security_groups":null,"self":null,"to_port":80},{"cidr_blocks":["0.0.0.0/0"],"description":null,"from_port":443,"ipv6_cidr_blocks":null,"prefix_list_ids":null,"protocol":"tcp","security_groups":null,"self":null,"to_port":443},{"cidr_blocks":["0.0.0.0/0"],"description":null,"from_port":22,"ipv6_cidr_blocks":null,"prefix_list_ids":null,"protocol":"tcp","security_groups":null,"self":null,"to_port":22}]},"name":{"references":["var.name"]},"vpc_id":{"references":["var.vpc_id"]}},"schema_version":1}],"variables":{"description":{"default":"Demo Module by terraform"},"healthy_threshold":{"default":2},"image_id":{"default":"ami-0f5ee92e2d63afc18"},"instance_port":{"default":80},"instance_protocol":{"default":"http"},"instance_type":{"default":"t2.micro"},"interval":{"default":30},"key_name":{"default":"Medstick_be_prod"},"lb_port":{"default":80},"lb_protocol":{"default":"http"},"name":{"default":"Demo security group by terraform"},"name_prefix":{"default":"web-terraform-"},"subnets":{"default":[]},"timeout":{"default":3},"unhealthy_threshold":{"default":2},"vpc_id":{}}}},"rds":{"source":"./rds","module":{"resources":[{"address":"aws_db_instance.medstick_prodrds","mode":"managed","type":"aws_db_instance","name":"medstick_prodrds","provider_config_key":"module.rds:aws","expressions":{"allocated_storage":{"references":["var.dbstoragesize"]},"engine":{"references":["var.engine"]},"engine_version":{"references":["var.engine_version"]},"identifier":{"references":["var.identifier"]},"instance_class":{"references":["var.instance_class"]},"password":{"references":["var.rdspassword"]},"port":{"references":["var.dbport"]},"publicly_accessible":{"constant_value":false},"skip_final_snapshot":{"constant_value":true},"storage_type":{"references":["var.storage_type"]},"tags":{"constant_value":{"Name":"medstick_prodrds"}},"username":{"references":["var.username"]}},"schema_version":2}],"variables":{"dbport":{"default":3306},"dbstoragesize":{"default":10,"description":"storage size of the db instance"},"engine":{"default":"mysql"},"engine_version":{"default":"8.0.33"},"identifier":{"default":"medstick-database"},"instance_class":{"default":"t2.micro"},"rdspassword":{"default":"Medstick123"},"storage_type":{"default":"gp2"},"username":{"default":"admin"}}}},"vpc":{"source":"./vpc","module":{"outputs":{"subnetids":{"expression":{"references":["aws_subnet.medstick_prodsubnet.id","aws_subnet.medstick_prodsubnet","aws_subnet.medstick_prodsubnet1.id","aws_subnet.medstick_prodsubnet1"]}},"vpcid":{"expression":{"references":["aws_vpc.medstick_prodvpc.id","aws_vpc.medstick_prodvpc"]}}},"resources":[{"address":"aws_internet_gateway.medstick_prodgateway","mode":"managed","type":"aws_internet_gateway","name":"medstick_prodgateway","provider_config_key":"module.vpc:aws","expressions":{"tags":{"references":["var.created_by","var.Project","var.Purpose","var.Project_Manager"]},"vpc_id":{"references":["aws_vpc.medstick_prodvpc.id","aws_vpc.medstick_prodvpc"]}},"schema_version":0},{"address":"aws_route_table.medstick_prodroute","mode":"managed","type":"aws_route_table","name":"medstick_prodroute","provider_config_key":"module.vpc:aws","expressions":{"route":{"references":["aws_internet_gateway.medstick_prodgateway.id","aws_internet_gateway.medstick_prodgateway"]},"tags":{"references":["var.created_by","var.Project","var.Purpose","var.Project_Manager"]},"vpc_id":{"references":["aws_vpc.medstick_prodvpc.id","aws_vpc.medstick_prodvpc"]}},"schema_version":0},{"address":"aws_route_table_association.medstick_prodrt","mode":"managed","type":"aws_route_table_association","name":"medstick_prodrt","provider_config_key":"module.vpc:aws","expressions":{"route_table_id":{"references":["aws_route_table.medstick_prodroute.id","aws_route_table.medstick_prodroute"]},"subnet_id":{"references":["aws_subnet.medstick_prodsubnet.id","aws_subnet.medstick_prodsubnet"]}},"schema_version":0},{"address":"aws_route_table_association.medstick_prodrt2","mode":"managed","type":"aws_route_table_association","name":"medstick_prodrt2","provider_config_key":"module.vpc:aws","expressions":{"route_table_id":{"references":["aws_route_table.medstick_prodroute.id","aws_route_table.medstick_prodroute"]},"subnet_id":{"references":["aws_subnet.medstick_prodsubnet1.id","aws_subnet.medstick_prodsubnet1"]}},"schema_version":0},{"address":"aws_subnet.medstick_prodsubnet","mode":"managed","type":"aws_subnet","name":"medstick_prodsubnet","provider_config_key":"module.vpc:aws","expressions":{"availability_zone":{"constant_value":"ap-south-1a"},"cidr_block":{"references":["var.subnet_cidr"]},"map_public_ip_on_launch":{"constant_value":true},"tags":{"references":["var.created_by","var.Project","var.Purpose","var.Project_Manager"]},"vpc_id":{"references":["aws_vpc.medstick_prodvpc.id","aws_vpc.medstick_prodvpc"]}},"schema_version":1},{"address":"aws_subnet.medstick_prodsubnet1","mode":"managed","type":"aws_subnet","name":"medstick_prodsubnet1","provider_config_key":"module.vpc:aws","expressions":{"availability_zone":{"constant_value":"ap-south-1b"},"cidr_block":{"references":["var.subnet1_cidr"]},"map_public_ip_on_launch":{"constant_value":true},"tags":{"references":["var.created_by","var.Project","var.Purpose","var.Project_Manager"]},"vpc_id":{"references":["aws_vpc.medstick_prodvpc.id","aws_vpc.medstick_prodvpc"]}},"schema_version":1},{"address":"aws_vpc.medstick_prodvpc","mode":"managed","type":"aws_vpc","name":"medstick_prodvpc","provider_config_key":"module.vpc:aws","expressions":{"cidr_block":{"references":["var.vpc_cidr"]},"instance_tenancy":{"constant_value":"default"},"tags":{"references":["var.created_by","var.Project","var.Purpose","var.Project_Manager"]}},"schema_version":1}],"variables":{"Project":{"default":"Medstick"},"Project_Manager":{"default":"Vrusha"},"Purpose":{"default":"Prod"},"created_by":{"default":"priyanka.pradhan@nineleaps.com"},"subnet1_cidr":{"default":"10.0.2.0/24"},"subnet_cidr":{"default":"10.0.1.0/24"},"vpc_cidr":{"default":"10.0.0.0/16"}}}}},"variables":{"Project":{"default":"Medstick"},"Project_Manager":{"default":"Vrusha"},"Purpose":{"default":"Prod"},"created_by":{"default":"priyanka.pradhan@nineleaps.com"}}}},"relevant_attributes":[{"resource":"module.autoscalinggroup.aws_launch_configuration.medstick_prodlaunchconf","attribute":["name"]},{"resource":"module.loadbalancer.aws_elb.medstick_prodelb","attribute":["id"]},{"resource":"module.vpc.aws_vpc.medstick_prodvpc","attribute":["id"]},{"resource":"module.vpc.aws_internet_gateway.medstick_prodgateway","attribute":["id"]},{"resource":"module.vpc.aws_subnet.medstick_prodsubnet1","attribute":["id"]},{"resource":"module.vpc.aws_route_table.medstick_prodroute","attribute":["id"]},{"resource":"module.vpc.aws_subnet.medstick_prodsubnet","attribute":["id"]},{"resource":"module.loadbalancer.aws_security_group.medstick_prodlbsg","attribute":["id"]}],"timestamp":"2023-08-16T05:29:07Z"}
